
Microsoft Visual Studio Solution File, Format Version 11.00
# Visual Studio 2010
Project("{8BC9CEB8-8B4A-11D0-8D11-00A0C91BC942}") = "B1016", "B1016\B1016.vcxproj", "{37E9C43B-92D7-49CF-BB14-46D170547072}"
EndProject
Global
	GlobalSection(SolutionConfigurationPlatforms) = preSolution
		Debug|Win32 = Debug|Win32
		Release|Win32 = Release|Win32
	EndGlobalSection
	GlobalSection(ProjectConfigurationPlatforms) = postSolution
		{37E9C43B-92D7-49CF-BB14-46D170547072}.Debug|Win32.ActiveCfg = Debug|Win32
		{37E9C43B-92D7-49CF-BB14-46D170547072}.Debug|Win32.Build.0 = Debug|Win32
		{37E9C43B-92D7-49CF-BB14-46D170547072}.Release|Win32.ActiveCfg = Release|Win32
		{37E9C43B-92D7-49CF-BB14-46D170547072}.Release|Win32.Build.0 = Release|Win32
	EndGlobalSection
	GlobalSection(SolutionProperties) = preSolution
		HideSolutionNode = FALSE
	EndGlobalSection
EndGlobal
